
Microsoft Visual Studio Solution File, Format Version 12.00
# Visual Studio Version 17
VisualStudioVersion = 17.1.32414.318
MinimumVisualStudioVersion = 10.0.40219.1
Project("{9A19103F-16F7-4668-BE54-9A1E7A4F7556}") = "BulkyBook", "BulkyBook\BulkyBook.csproj", "{884378ED-49AF-4127-8921-210B752A2A04}"
EndProject
Project("{FAE04EC0-301F-11D3-BF4B-00C04F79EFBC}") = "BulkyBook.DataAccess", "BulkyBook.DataAccess\BulkyBook.DataAccess.csproj", "{88028FAA-A9CF-41A5-BCAB-D6236919A816}"
EndProject
Project("{FAE04EC0-301F-11D3-BF4B-00C04F79EFBC}") = "BulkyBook.Models", "BulkyBook.Models\BulkyBook.Models.csproj", "{502A90AE-AD6E-497F-898C-3A138C084837}"
EndProject
Project("{FAE04EC0-301F-11D3-BF4B-00C04F79EFBC}") = "BulkyBook.Utility", "BulkyBook.Utility\BulkyBook.Utility.csproj", "{9824FF42-FD46-4714-BB3B-E6CBB6CCFA4A}"
EndProject
Global
	GlobalSection(SolutionConfigurationPlatforms) = preSolution
		Debug|Any CPU = Debug|Any CPU
		Release|Any CPU = Release|Any CPU
	EndGlobalSection
	GlobalSection(ProjectConfigurationPlatforms) = postSolution
		{884378ED-49AF-4127-8921-210B752A2A04}.Debug|Any CPU.ActiveCfg = Debug|Any CPU
		{884378ED-49AF-4127-8921-210B752A2A04}.Debug|Any CPU.Build.0 = Debug|Any CPU
		{884378ED-49AF-4127-8921-210B752A2A04}.Release|Any CPU.ActiveCfg = Release|Any CPU
		{884378ED-49AF-4127-8921-210B752A2A04}.Release|Any CPU.Build.0 = Release|Any CPU
		{88028FAA-A9CF-41A5-BCAB-D6236919A816}.Debug|Any CPU.ActiveCfg = Debug|Any CPU
		{88028FAA-A9CF-41A5-BCAB-D6236919A816}.Debug|Any CPU.Build.0 = Debug|Any CPU
		{88028FAA-A9CF-41A5-BCAB-D6236919A816}.Release|Any CPU.ActiveCfg = Release|Any CPU
		{88028FAA-A9CF-41A5-BCAB-D6236919A816}.Release|Any CPU.Build.0 = Release|Any CPU
		{502A90AE-AD6E-497F-898C-3A138C084837}.Debug|Any CPU.ActiveCfg = Debug|Any CPU
		{502A90AE-AD6E-497F-898C-3A138C084837}.Debug|Any CPU.Build.0 = Debug|Any CPU
		{502A90AE-AD6E-497F-898C-3A138C084837}.Release|Any CPU.ActiveCfg = Release|Any CPU
		{502A90AE-AD6E-497F-898C-3A138C084837}.Release|Any CPU.Build.0 = Release|Any CPU
		{9824FF42-FD46-4714-BB3B-E6CBB6CCFA4A}.Debug|Any CPU.ActiveCfg = Debug|Any CPU
		{9824FF42-FD46-4714-BB3B-E6CBB6CCFA4A}.Debug|Any CPU.Build.0 = Debug|Any CPU
		{9824FF42-FD46-4714-BB3B-E6CBB6CCFA4A}.Release|Any CPU.ActiveCfg = Release|Any CPU
		{9824FF42-FD46-4714-BB3B-E6CBB6CCFA4A}.Release|Any CPU.Build.0 = Release|Any CPU
	EndGlobalSection
	GlobalSection(SolutionProperties) = preSolution
		HideSolutionNode = FALSE
	EndGlobalSection
	GlobalSection(ExtensibilityGlobals) = postSolution
		SolutionGuid = {AC0CC714-5A65-4491-BC2C-198502F30E25}
	EndGlobalSection
EndGlobal
